
Microsoft Visual Studio Solution File, Format Version 12.00
# Visual Studio 15
Project("{FAE04EC0-301F-11D3-BF4B-00C04F79EFBC}") = "HelloWorld", "HelloWorld\HelloWorld.csproj", "{AD4E8DA4-5035-4B89-AEFE-2910ED307F01}"
EndProject
Global
	GlobalSection(SolutionConfigurationPlatforms) = preSolution
		Debug|anycpu = Debug|anycpu
		Release|anycpu = Release|anycpu
	EndGlobalSection
	GlobalSection(ProjectConfigurationPlatforms) = postSolution
		{AD4E8DA4-5035-4B89-AEFE-2910ED307F01}.Debug|anycpu.ActiveCfg = Debug|anycpu
		{AD4E8DA4-5035-4B89-AEFE-2910ED307F01}.Debug|anycpu.Build.0 = Debug|anycpu
		{AD4E8DA4-5035-4B89-AEFE-2910ED307F01}.Release|anycpu.ActiveCfg = Release|anycpu
		{AD4E8DA4-5035-4B89-AEFE-2910ED307F01}.Release|anycpu.Build.0 = Release|anycpu
	EndGlobalSection
EndGlobal
